<?xml version="1.0" encoding="utf-8"?>
<Project ToolsVersion="4.0" xmlns="http://schemas.microsoft.com/developer/msbuild/2003">
  <ItemGroup>
    <Filter Include="Source">
      <UniqueIdentifier>{4FC737F1-C7A5-4376-A066-2A32D752A2FF}</UniqueIdentifier>
      <Extensions>
      </Extensions>
    </Filter>
    <Filter Include="Source\Life">
      <UniqueIdentifier>{43da52e8-3c81-4922-848a-f9cd4eabcecf}</UniqueIdentifier>
    </Filter>
    <Filter Include="Source\Score">
      <UniqueIdentifier>{c0d6f402-4778-4627-9d41-a93e72d7e687}</UniqueIdentifier>
    </Filter>
  </ItemGroup>
  <ItemGroup>
    <ClCompile Include="Game.cpp">
      <Filter>Source</Filter>
    </ClCompile>
    <ClCompile Include="MoveCommand.cpp">
      <Filter>Source</Filter>
    </ClCompile>
    <ClCompile Include="PlayerController.cpp">
      <Filter>Source</Filter>
    </ClCompile>
    <ClCompile Include="RemoveLifeCommand.cpp">
      <Filter>Source\Life</Filter>
    </ClCompile>
    <ClCompile Include="LivesDisplay.cpp">
      <Filter>Source\Life</Filter>
    </ClCompile>
    <ClCompile Include="IncreaseScoreCommand.cpp">
      <Filter>Source\Score</Filter>
    </ClCompile>
    <ClCompile Include="ScoreDisplay.cpp">
      <Filter>Source\Score</Filter>
    </ClCompile>
    <ClCompile Include="AchievementGranter.cpp" />
  </ItemGroup>
  <ItemGroup>
    <ClInclude Include="MoveCommand.h">
      <Filter>Source</Filter>
    </ClInclude>
    <ClInclude Include="PlayerController.h">
      <Filter>Source</Filter>
    </ClInclude>
    <ClInclude Include="RemoveLifeCommand.h">
      <Filter>Source\Life</Filter>
    </ClInclude>
    <ClInclude Include="LivesDisplay.h">
      <Filter>Source\Life</Filter>
    </ClInclude>
    <ClInclude Include="IncreaseScoreCommand.h">
      <Filter>Source\Score</Filter>
    </ClInclude>
    <ClInclude Include="ScoreDisplay.h">
      <Filter>Source\Score</Filter>
    </ClInclude>
    <ClInclude Include="AchievementGranter.h" />
  </ItemGroup>
</Project>