<?xml version="1.0" encoding="utf-8"?>
<Project ToolsVersion="4.0" xmlns="http://schemas.microsoft.com/developer/msbuild/2003">
  <ItemGroup>
    <Filter Include="Source">
      <UniqueIdentifier>{4FC737F1-C7A5-4376-A066-2A32D752A2FF}</UniqueIdentifier>
      <Extensions>
      </Extensions>
    </Filter>
    <Filter Include="Source\Player">
      <UniqueIdentifier>{02381ac0-c12a-4216-84f9-53bad0be53ec}</UniqueIdentifier>
    </Filter>
    <Filter Include="Source\Player\States">
      <UniqueIdentifier>{383b13a7-3dc0-4344-bb23-940375afbab8}</UniqueIdentifier>
    </Filter>
    <Filter Include="Source\Player\Commands">
      <UniqueIdentifier>{28486c50-d2f4-4117-b2e1-e3f60be5bdf2}</UniqueIdentifier>
    </Filter>
  </ItemGroup>
  <ItemGroup>
    <ClCompile Include="Game.cpp">
      <Filter>Source</Filter>
    </ClCompile>
    <ClCompile Include="LivesDisplay.cpp" />
    <ClCompile Include="IncreaseScoreCommand.cpp" />
    <ClCompile Include="ScoreDisplay.cpp" />
    <ClCompile Include="PlayerController.cpp">
      <Filter>Source\Player</Filter>
    </ClCompile>
    <ClCompile Include="PlayerMoveState.cpp">
      <Filter>Source\Player\States</Filter>
    </ClCompile>
    <ClCompile Include="PlayerIdleState.cpp">
      <Filter>Source\Player\States</Filter>
    </ClCompile>
    <ClCompile Include="GridManager.cpp" />
    <ClCompile Include="Block.cpp" />
    <ClCompile Include="PlayerStateMachine.cpp">
      <Filter>Source\Player\States</Filter>
    </ClCompile>
    <ClCompile Include="PlayerState.cpp">
      <Filter>Source\Player\States</Filter>
    </ClCompile>
    <ClCompile Include="PlayerInteractState.cpp" />
    <ClCompile Include="PlayerMoveCommand.cpp">
      <Filter>Source\Player\Commands</Filter>
    </ClCompile>
    <ClCompile Include="PlayerInteractCommand.cpp">
      <Filter>Source\Player\Commands</Filter>
    </ClCompile>
    <ClCompile Include="RemoveLifeCommand.cpp">
      <Filter>Source\Player\Commands</Filter>
    </ClCompile>
  </ItemGroup>
  <ItemGroup>
    <ClInclude Include="LivesDisplay.h" />
    <ClInclude Include="IncreaseScoreCommand.h" />
    <ClInclude Include="ScoreDisplay.h" />
    <ClInclude Include="PlayerController.h">
      <Filter>Source\Player</Filter>
    </ClInclude>
    <ClInclude Include="PlayerMoveState.h">
      <Filter>Source\Player\States</Filter>
    </ClInclude>
    <ClInclude Include="PlayerIdleState.h">
      <Filter>Source\Player\States</Filter>
    </ClInclude>
    <ClInclude Include="GridManager.h" />
    <ClInclude Include="Block.h" />
    <ClInclude Include="PlayerStateMachine.h">
      <Filter>Source\Player\States</Filter>
    </ClInclude>
    <ClInclude Include="PlayerState.h">
      <Filter>Source\Player\States</Filter>
    </ClInclude>
    <ClInclude Include="PlayerInteractState.h" />
    <ClInclude Include="PlayerMoveCommand.h">
      <Filter>Source\Player\Commands</Filter>
    </ClInclude>
    <ClInclude Include="PlayerInteractCommand.h">
      <Filter>Source\Player\Commands</Filter>
    </ClInclude>
    <ClInclude Include="RemoveLifeCommand.h">
      <Filter>Source\Player\Commands</Filter>
    </ClInclude>
  </ItemGroup>
</Project>