<?xml version="1.0" encoding="utf-8"?>
<Project ToolsVersion="4.0" xmlns="http://schemas.microsoft.com/developer/msbuild/2003">
  <ItemGroup>
    <Filter Include="Source">
      <UniqueIdentifier>{4FC737F1-C7A5-4376-A066-2A32D752A2FF}</UniqueIdentifier>
      <Extensions>
      </Extensions>
    </Filter>
    <Filter Include="Source\Player">
      <UniqueIdentifier>{02381ac0-c12a-4216-84f9-53bad0be53ec}</UniqueIdentifier>
    </Filter>
    <Filter Include="Source\Player\States">
      <UniqueIdentifier>{383b13a7-3dc0-4344-bb23-940375afbab8}</UniqueIdentifier>
    </Filter>
    <Filter Include="Source\Player\Commands">
      <UniqueIdentifier>{28486c50-d2f4-4117-b2e1-e3f60be5bdf2}</UniqueIdentifier>
    </Filter>
    <Filter Include="Source\Grid">
      <UniqueIdentifier>{af43d257-2f76-459b-8047-5f532fb4f948}</UniqueIdentifier>
    </Filter>
    <Filter Include="Source\Enemy">
      <UniqueIdentifier>{ff285a42-edb3-46d6-985c-67e00d2ffcbc}</UniqueIdentifier>
    </Filter>
  </ItemGroup>
  <ItemGroup>
    <ClCompile Include="Game.cpp">
      <Filter>Source</Filter>
    </ClCompile>
    <ClCompile Include="PlayerController.cpp">
      <Filter>Source\Player</Filter>
    </ClCompile>
    <ClCompile Include="PlayerMoveState.cpp">
      <Filter>Source\Player\States</Filter>
    </ClCompile>
    <ClCompile Include="PlayerIdleState.cpp">
      <Filter>Source\Player\States</Filter>
    </ClCompile>
    <ClCompile Include="PlayerStateMachine.cpp">
      <Filter>Source\Player\States</Filter>
    </ClCompile>
    <ClCompile Include="PlayerState.cpp">
      <Filter>Source\Player\States</Filter>
    </ClCompile>
    <ClCompile Include="PlayerMoveCommand.cpp">
      <Filter>Source\Player\Commands</Filter>
    </ClCompile>
    <ClCompile Include="PlayerInteractCommand.cpp">
      <Filter>Source\Player\Commands</Filter>
    </ClCompile>
    <ClCompile Include="RemoveLifeCommand.cpp">
      <Filter>Source\Player\Commands</Filter>
    </ClCompile>
    <ClCompile Include="IncreaseScoreCommand.cpp">
      <Filter>Source</Filter>
    </ClCompile>
    <ClCompile Include="LivesDisplay.cpp">
      <Filter>Source</Filter>
    </ClCompile>
    <ClCompile Include="ScoreDisplay.cpp">
      <Filter>Source</Filter>
    </ClCompile>
    <ClCompile Include="Block.cpp">
      <Filter>Source\Grid</Filter>
    </ClCompile>
    <ClCompile Include="GridManager.cpp">
      <Filter>Source\Grid</Filter>
    </ClCompile>
    <ClCompile Include="GameManager.cpp">
      <Filter>Source</Filter>
    </ClCompile>
    <ClCompile Include="PlayerInteractState.cpp">
      <Filter>Source\Player\States</Filter>
    </ClCompile>
    <ClCompile Include="SnobeeController.cpp">
      <Filter>Source\Enemy</Filter>
    </ClCompile>
    <ClCompile Include="SnobeeStateMachine.cpp">
      <Filter>Source\Enemy</Filter>
    </ClCompile>
    <ClCompile Include="SnobeeStunState.cpp">
      <Filter>Source\Enemy</Filter>
    </ClCompile>
    <ClCompile Include="SnobeeChaseState.cpp">
      <Filter>Source\Enemy</Filter>
    </ClCompile>
    <ClCompile Include="SnobeeState.cpp">
      <Filter>Source\Enemy</Filter>
    </ClCompile>
  </ItemGroup>
  <ItemGroup>
    <ClInclude Include="PlayerController.h">
      <Filter>Source\Player</Filter>
    </ClInclude>
    <ClInclude Include="PlayerMoveState.h">
      <Filter>Source\Player\States</Filter>
    </ClInclude>
    <ClInclude Include="PlayerIdleState.h">
      <Filter>Source\Player\States</Filter>
    </ClInclude>
    <ClInclude Include="PlayerStateMachine.h">
      <Filter>Source\Player\States</Filter>
    </ClInclude>
    <ClInclude Include="PlayerState.h">
      <Filter>Source\Player\States</Filter>
    </ClInclude>
    <ClInclude Include="PlayerMoveCommand.h">
      <Filter>Source\Player\Commands</Filter>
    </ClInclude>
    <ClInclude Include="PlayerInteractCommand.h">
      <Filter>Source\Player\Commands</Filter>
    </ClInclude>
    <ClInclude Include="RemoveLifeCommand.h">
      <Filter>Source\Player\Commands</Filter>
    </ClInclude>
    <ClInclude Include="IncreaseScoreCommand.h">
      <Filter>Source</Filter>
    </ClInclude>
    <ClInclude Include="LivesDisplay.h">
      <Filter>Source</Filter>
    </ClInclude>
    <ClInclude Include="ScoreDisplay.h">
      <Filter>Source</Filter>
    </ClInclude>
    <ClInclude Include="Block.h">
      <Filter>Source\Grid</Filter>
    </ClInclude>
    <ClInclude Include="GridManager.h">
      <Filter>Source\Grid</Filter>
    </ClInclude>
    <ClInclude Include="GameManager.h">
      <Filter>Source</Filter>
    </ClInclude>
    <ClInclude Include="PlayerInteractState.h">
      <Filter>Source\Player\States</Filter>
    </ClInclude>
    <ClInclude Include="SnobeeController.h">
      <Filter>Source\Enemy</Filter>
    </ClInclude>
    <ClInclude Include="SnobeeStateMachine.h">
      <Filter>Source\Enemy</Filter>
    </ClInclude>
    <ClInclude Include="SnobeeStunState.h">
      <Filter>Source\Enemy</Filter>
    </ClInclude>
    <ClInclude Include="SnobeeChaseState.h">
      <Filter>Source\Enemy</Filter>
    </ClInclude>
    <ClInclude Include="SnobeeState.h">
      <Filter>Source\Enemy</Filter>
    </ClInclude>
  </ItemGroup>
</Project>